
Microsoft Visual Studio Solution File, Format Version 12.00
# Visual Studio 14
VisualStudioVersion = 14.0.23107.0
MinimumVisualStudioVersion = 10.0.40219.1
Project("{FAE04EC0-301F-11D3-BF4B-00C04F79EFBC}") = "Ays.PhysicalQuantities", "Ays.PhysicalQuantities\Ays.PhysicalQuantities.csproj", "{CDD650C6-C6D2-4E96-A649-5550A1D77D98}"
EndProject
Project("{FAE04EC0-301F-11D3-BF4B-00C04F79EFBC}") = "Ays.PhysicalQuantities.Tests", "Ays.PhysicalQuantities.Tests\Ays.PhysicalQuantities.Tests.csproj", "{ADB97A60-02FB-4C99-8278-198B649B364B}"
EndProject
Project("{FAE04EC0-301F-11D3-BF4B-00C04F79EFBC}") = "Ays.Sandbox", "Ays.Sandbox\Ays.Sandbox.csproj", "{22417AA7-3733-428D-9459-F86360B13322}"
EndProject
Global
	GlobalSection(SolutionConfigurationPlatforms) = preSolution
		Debug|Any CPU = Debug|Any CPU
		Release|Any CPU = Release|Any CPU
	EndGlobalSection
	GlobalSection(ProjectConfigurationPlatforms) = postSolution
		{CDD650C6-C6D2-4E96-A649-5550A1D77D98}.Debug|Any CPU.ActiveCfg = Debug|Any CPU
		{CDD650C6-C6D2-4E96-A649-5550A1D77D98}.Debug|Any CPU.Build.0 = Debug|Any CPU
		{CDD650C6-C6D2-4E96-A649-5550A1D77D98}.Release|Any CPU.ActiveCfg = Release|Any CPU
		{CDD650C6-C6D2-4E96-A649-5550A1D77D98}.Release|Any CPU.Build.0 = Release|Any CPU
		{ADB97A60-02FB-4C99-8278-198B649B364B}.Debug|Any CPU.ActiveCfg = Debug|Any CPU
		{ADB97A60-02FB-4C99-8278-198B649B364B}.Debug|Any CPU.Build.0 = Debug|Any CPU
		{ADB97A60-02FB-4C99-8278-198B649B364B}.Release|Any CPU.ActiveCfg = Release|Any CPU
		{ADB97A60-02FB-4C99-8278-198B649B364B}.Release|Any CPU.Build.0 = Release|Any CPU
		{22417AA7-3733-428D-9459-F86360B13322}.Debug|Any CPU.ActiveCfg = Debug|Any CPU
		{22417AA7-3733-428D-9459-F86360B13322}.Debug|Any CPU.Build.0 = Debug|Any CPU
		{22417AA7-3733-428D-9459-F86360B13322}.Release|Any CPU.ActiveCfg = Release|Any CPU
		{22417AA7-3733-428D-9459-F86360B13322}.Release|Any CPU.Build.0 = Release|Any CPU
	EndGlobalSection
	GlobalSection(SolutionProperties) = preSolution
		HideSolutionNode = FALSE
	EndGlobalSection
EndGlobal
